
Microsoft Visual Studio Solution File, Format Version 12.00
# Visual Studio 14
VisualStudioVersion = 14.0.25420.1
MinimumVisualStudioVersion = 10.0.40219.1
Project("{54435603-DBB4-11D2-8724-00A0C9A8B90C}") = "ReportPrint", "ReportPrint.vdproj", "{009257C4-E663-4117-8FA4-E3BC1D08D05C}"
EndProject
Global
	GlobalSection(SolutionConfigurationPlatforms) = preSolution
		Debug|Default = Debug|Default
		Release|Default = Release|Default
	EndGlobalSection
	GlobalSection(ProjectConfigurationPlatforms) = postSolution
		{009257C4-E663-4117-8FA4-E3BC1D08D05C}.Debug|Default.ActiveCfg = Debug
		{009257C4-E663-4117-8FA4-E3BC1D08D05C}.Debug|Default.Build.0 = Debug
		{009257C4-E663-4117-8FA4-E3BC1D08D05C}.Release|Default.ActiveCfg = Release
		{009257C4-E663-4117-8FA4-E3BC1D08D05C}.Release|Default.Build.0 = Release
	EndGlobalSection
	GlobalSection(SolutionProperties) = preSolution
		HideSolutionNode = FALSE
	EndGlobalSection
EndGlobal
